
Microsoft Visual Studio Solution File, Format Version 12.00
# Visual Studio Version 16
VisualStudioVersion = 16.0.29306.81
MinimumVisualStudioVersion = 10.0.40219.1
Project("{FAE04EC0-301F-11D3-BF4B-00C04F79EFBC}") = "VisualStudio2019_CSharpGitDemo1", "VisualStudio2019_CSharpGitDemo1.csproj", "{2CB93D35-E570-4218-BF22-AF3BA721B7A7}"
EndProject
Global
	GlobalSection(SolutionConfigurationPlatforms) = preSolution
		Debug|Any CPU = Debug|Any CPU
		Release|Any CPU = Release|Any CPU
	EndGlobalSection
	GlobalSection(ProjectConfigurationPlatforms) = postSolution
		{2CB93D35-E570-4218-BF22-AF3BA721B7A7}.Debug|Any CPU.ActiveCfg = Debug|Any CPU
		{2CB93D35-E570-4218-BF22-AF3BA721B7A7}.Debug|Any CPU.Build.0 = Debug|Any CPU
		{2CB93D35-E570-4218-BF22-AF3BA721B7A7}.Release|Any CPU.ActiveCfg = Release|Any CPU
		{2CB93D35-E570-4218-BF22-AF3BA721B7A7}.Release|Any CPU.Build.0 = Release|Any CPU
	EndGlobalSection
	GlobalSection(SolutionProperties) = preSolution
		HideSolutionNode = FALSE
	EndGlobalSection
	GlobalSection(ExtensibilityGlobals) = postSolution
		SolutionGuid = {333A9283-C206-47A1-991F-F5564EF701A3}
	EndGlobalSection
EndGlobal
